
Microsoft Visual Studio Solution File, Format Version 12.00
# Visual Studio Version 16
VisualStudioVersion = 16.0.30621.155
MinimumVisualStudioVersion = 10.0.40219.1
Project("{FAE04EC0-301F-11D3-BF4B-00C04F79EFBC}") = "WindowsFormsApp1", "WindowsFormsApp1\WindowsFormsApp1.csproj", "{5BD733B5-E685-4720-835E-FD2D33859B3A}"
EndProject
Global
	GlobalSection(SolutionConfigurationPlatforms) = preSolution
		Debug|Any CPU = Debug|Any CPU
		Release|Any CPU = Release|Any CPU
	EndGlobalSection
	GlobalSection(ProjectConfigurationPlatforms) = postSolution
		{5BD733B5-E685-4720-835E-FD2D33859B3A}.Debug|Any CPU.ActiveCfg = Debug|Any CPU
		{5BD733B5-E685-4720-835E-FD2D33859B3A}.Debug|Any CPU.Build.0 = Debug|Any CPU
		{5BD733B5-E685-4720-835E-FD2D33859B3A}.Release|Any CPU.ActiveCfg = Release|Any CPU
		{5BD733B5-E685-4720-835E-FD2D33859B3A}.Release|Any CPU.Build.0 = Release|Any CPU
	EndGlobalSection
	GlobalSection(SolutionProperties) = preSolution
		HideSolutionNode = FALSE
	EndGlobalSection
	GlobalSection(ExtensibilityGlobals) = postSolution
		SolutionGuid = {68EF3765-AC17-46FF-B5A8-1E6F7A2E7DA7}
	EndGlobalSection
EndGlobal
